// !$*UTF8*$!
{
	archiveVersion = 1;
	classes = {
	};
	objectVersion = 50;
	objects = {

/* Begin PBXBuildFile section */
		F27A9ACF207E377600E6253A /* AppDelegate.m in Sources */ = {isa = PBXBuildFile; fileRef = F27A9ACE207E377600E6253A /* AppDelegate.m */; };
		F27A9AD2207E377600E6253A /* ViewController.m in Sources */ = {isa = PBXBuildFile; fileRef = F27A9AD1207E377600E6253A /* ViewController.m */; };
		F27A9AD5207E377600E6253A /* Main.storyboard in Resources */ = {isa = PBXBuildFile; fileRef = F27A9AD3207E377600E6253A /* Main.storyboard */; };
		F27A9AD7207E377700E6253A /* Assets.xcassets in Resources */ = {isa = PBXBuildFile; fileRef = F27A9AD6207E377700E6253A /* Assets.xcassets */; };
		F27A9ADA207E377700E6253A /* LaunchScreen.storyboard in Resources */ = {isa = PBXBuildFile; fileRef = F27A9AD8207E377700E6253A /* LaunchScreen.storyboard */; };
		F27A9ADD207E377700E6253A /* main.m in Sources */ = {isa = PBXBuildFile; fileRef = F27A9ADC207E377700E6253A /* main.m */; };
		F27A9AE5207E3D4800E6253A /* RunLoopViewController.m in Sources */ = {isa = PBXBuildFile; fileRef = F27A9AE4207E3D4800E6253A /* RunLoopViewController.m */; };
		F27A9AEA207E402900E6253A /* IconDownloader.m in Sources */ = {isa = PBXBuildFile; fileRef = F27A9AE9207E402900E6253A /* IconDownloader.m */; };
		F27A9AED207E404300E6253A /* AppRecord.m in Sources */ = {isa = PBXBuildFile; fileRef = F27A9AEC207E404300E6253A /* AppRecord.m */; };
		F27A9AF0207E475200E6253A /* ParseOperation.m in Sources */ = {isa = PBXBuildFile; fileRef = F27A9AEF207E475200E6253A /* ParseOperation.m */; };
/* End PBXBuildFile section */

/* Begin PBXFileReference section */
		F27A9ACA207E377600E6253A /* LazyTableImages.app */ = {isa = PBXFileReference; explicitFileType = wrapper.application; includeInIndex = 0; path = LazyTableImages.app; sourceTree = BUILT_PRODUCTS_DIR; };
		F27A9ACD207E377600E6253A /* AppDelegate.h */ = {isa = PBXFileReference; lastKnownFileType = sourcecode.c.h; path = AppDelegate.h; sourceTree = "<group>"; };
		F27A9ACE207E377600E6253A /* AppDelegate.m */ = {isa = PBXFileReference; lastKnownFileType = sourcecode.c.objc; path = AppDelegate.m; sourceTree = "<group>"; };
		F27A9AD0207E377600E6253A /* ViewController.h */ = {isa = PBXFileReference; lastKnownFileType = sourcecode.c.h; path = ViewController.h; sourceTree = "<group>"; };
		F27A9AD1207E377600E6253A /* ViewController.m */ = {isa = PBXFileReference; lastKnownFileType = sourcecode.c.objc; path = ViewController.m; sourceTree = "<group>"; };
		F27A9AD4207E377600E6253A /* Base */ = {isa = PBXFileReference; lastKnownFileType = file.storyboard; name = Base; path = Base.lproj/Main.storyboard; sourceTree = "<group>"; };
		F27A9AD6207E377700E6253A /* Assets.xcassets */ = {isa = PBXFileReference; lastKnownFileType = folder.assetcatalog; path = Assets.xcassets; sourceTree = "<group>"; };
		F27A9AD9207E377700E6253A /* Base */ = {isa = PBXFileReference; lastKnownFileType = file.storyboard; name = Base; path = Base.lproj/LaunchScreen.storyboard; sourceTree = "<group>"; };
		F27A9ADB207E377700E6253A /* Info.plist */ = {isa = PBXFileReference; lastKnownFileType = text.plist.xml; path = Info.plist; sourceTree = "<group>"; };
		F27A9ADC207E377700E6253A /* main.m */ = {isa = PBXFileReference; lastKnownFileType = sourcecode.c.objc; path = main.m; sourceTree = "<group>"; };
		F27A9AE3207E3D4800E6253A /* RunLoopViewController.h */ = {isa = PBXFileReference; lastKnownFileType = sourcecode.c.h; path = RunLoopViewController.h; sourceTree = "<group>"; };
		F27A9AE4207E3D4800E6253A /* RunLoopViewController.m */ = {isa = PBXFileReference; lastKnownFileType = sourcecode.c.objc; path = RunLoopViewController.m; sourceTree = "<group>"; };
		F27A9AE8207E402900E6253A /* IconDownloader.h */ = {isa = PBXFileReference; lastKnownFileType = sourcecode.c.h; path = IconDownloader.h; sourceTree = "<group>"; };
		F27A9AE9207E402900E6253A /* IconDownloader.m */ = {isa = PBXFileReference; lastKnownFileType = sourcecode.c.objc; path = IconDownloader.m; sourceTree = "<group>"; };
		F27A9AEB207E404300E6253A /* AppRecord.h */ = {isa = PBXFileReference; fileEncoding = 4; lastKnownFileType = sourcecode.c.h; path = AppRecord.h; sourceTree = "<group>"; };
		F27A9AEC207E404300E6253A /* AppRecord.m */ = {isa = PBXFileReference; fileEncoding = 4; lastKnownFileType = sourcecode.c.objc; path = AppRecord.m; sourceTree = "<group>"; };
		F27A9AEE207E475200E6253A /* ParseOperation.h */ = {isa = PBXFileReference; lastKnownFileType = sourcecode.c.h; path = ParseOperation.h; sourceTree = "<group>"; };
		F27A9AEF207E475200E6253A /* ParseOperation.m */ = {isa = PBXFileReference; lastKnownFileType = sourcecode.c.objc; path = ParseOperation.m; sourceTree = "<group>"; };
/* End PBXFileReference section */

/* Begin PBXFrameworksBuildPhase section */
		F27A9AC7207E377600E6253A /* Frameworks */ = {
			isa = PBXFrameworksBuildPhase;
			buildActionMask = 2147483647;
			files = (
			);
			runOnlyForDeploymentPostprocessing = 0;
		};
/* End PBXFrameworksBuildPhase section */

/* Begin PBXGroup section */
		F27A9AC1207E377600E6253A = {
			isa = PBXGroup;
			children = (
				F27A9ACC207E377600E6253A /* LazyTableImages */,
				F27A9ACB207E377600E6253A /* Products */,
			);
			sourceTree = "<group>";
		};
		F27A9ACB207E377600E6253A /* Products */ = {
			isa = PBXGroup;
			children = (
				F27A9ACA207E377600E6253A /* LazyTableImages.app */,
			);
			name = Products;
			sourceTree = "<group>";
		};
		F27A9ACC207E377600E6253A /* LazyTableImages */ = {
			isa = PBXGroup;
			children = (
				F27A9ACD207E377600E6253A /* AppDelegate.h */,
				F27A9ACE207E377600E6253A /* AppDelegate.m */,
				F27A9AD0207E377600E6253A /* ViewController.h */,
				F27A9AD1207E377600E6253A /* ViewController.m */,
				F27A9AE7207E3E0900E6253A /* AppleLazyTableImages */,
				F27A9AE6207E3D9800E6253A /* RunLoopLazyTableimages */,
				F27A9AD3207E377600E6253A /* Main.storyboard */,
				F27A9AD6207E377700E6253A /* Assets.xcassets */,
				F27A9AD8207E377700E6253A /* LaunchScreen.storyboard */,
				F27A9ADB207E377700E6253A /* Info.plist */,
				F27A9ADC207E377700E6253A /* main.m */,
			);
			path = LazyTableImages;
			sourceTree = "<group>";
		};
		F27A9AE6207E3D9800E6253A /* RunLoopLazyTableimages */ = {
			isa = PBXGroup;
			children = (
				F27A9AE3207E3D4800E6253A /* RunLoopViewController.h */,
				F27A9AE4207E3D4800E6253A /* RunLoopViewController.m */,
			);
			path = RunLoopLazyTableimages;
			sourceTree = "<group>";
		};
		F27A9AE7207E3E0900E6253A /* AppleLazyTableImages */ = {
			isa = PBXGroup;
			children = (
				F27A9AEB207E404300E6253A /* AppRecord.h */,
				F27A9AEC207E404300E6253A /* AppRecord.m */,
				F27A9AE8207E402900E6253A /* IconDownloader.h */,
				F27A9AE9207E402900E6253A /* IconDownloader.m */,
				F27A9AEE207E475200E6253A /* ParseOperation.h */,
				F27A9AEF207E475200E6253A /* ParseOperation.m */,
			);
			path = AppleLazyTableImages;
			sourceTree = "<group>";
		};
/* End PBXGroup section */

/* Begin PBXNativeTarget section */
		F27A9AC9207E377600E6253A /* LazyTableImages */ = {
			isa = PBXNativeTarget;
			buildConfigurationList = F27A9AE0207E377700E6253A /* Build configuration list for PBXNativeTarget "LazyTableImages" */;
			buildPhases = (
				F27A9AC6207E377600E6253A /* Sources */,
				F27A9AC7207E377600E6253A /* Frameworks */,
				F27A9AC8207E377600E6253A /* Resources */,
			);
			buildRules = (
			);
			dependencies = (
			);
			name = LazyTableImages;
			productName = LazyTableImages;
			productReference = F27A9ACA207E377600E6253A /* LazyTableImages.app */;
			productType = "com.apple.product-type.application";
		};
/* End PBXNativeTarget section */

/* Begin PBXProject section */
		F27A9AC2207E377600E6253A /* Project object */ = {
			isa = PBXProject;
			attributes = {
				LastUpgradeCheck = 0930;
				ORGANIZATIONNAME = "车";
				TargetAttributes = {
					F27A9AC9207E377600E6253A = {
						CreatedOnToolsVersion = 9.3;
					};
				};
			};
			buildConfigurationList = F27A9AC5207E377600E6253A /* Build configuration list for PBXProject "LazyTableImages" */;
			compatibilityVersion = "Xcode 9.3";
			developmentRegion = en;
			hasScannedForEncodings = 0;
			knownRegions = (
				en,
				Base,
			);
			mainGroup = F27A9AC1207E377600E6253A;
			productRefGroup = F27A9ACB207E377600E6253A /* Products */;
			projectDirPath = "";
			projectRoot = "";
			targets = (
				F27A9AC9207E377600E6253A /* LazyTableImages */,
			);
		};
/* End PBXProject section */

/* Begin PBXResourcesBuildPhase section */
		F27A9AC8207E377600E6253A /* Resources */ = {
			isa = PBXResourcesBuildPhase;
			buildActionMask = 2147483647;
			files = (
				F27A9ADA207E377700E6253A /* LaunchScreen.storyboard in Resources */,
				F27A9AD7207E377700E6253A /* Assets.xcassets in Resources */,
				F27A9AD5207E377600E6253A /* Main.storyboard in Resources */,
			);
			runOnlyForDeploymentPostprocessing = 0;
		};
/* End PBXResourcesBuildPhase section */

/* Begin PBXSourcesBuildPhase section */
		F27A9AC6207E377600E6253A /* Sources */ = {
			isa = PBXSourcesBuildPhase;
			buildActionMask = 2147483647;
			files = (
				F27A9AED207E404300E6253A /* AppRecord.m in Sources */,
				F27A9AE5207E3D4800E6253A /* RunLoopViewController.m in Sources */,
				F27A9AD2207E377600E6253A /* ViewController.m in Sources */,
				F27A9AEA207E402900E6253A /* IconDownloader.m in Sources */,
				F27A9AF0207E475200E6253A /* ParseOperation.m in Sources */,
				F27A9ADD207E377700E6253A /* main.m in Sources */,
				F27A9ACF207E377600E6253A /* AppDelegate.m in Sources */,
			);
			runOnlyForDeploymentPostprocessing = 0;
		};
/* End PBXSourcesBuildPhase section */

/* Begin PBXVariantGroup section */
		F27A9AD3207E377600E6253A /* Main.storyboard */ = {
			isa = PBXVariantGroup;
			children = (
				F27A9AD4207E377600E6253A /* Base */,
			);
			name = Main.storyboard;
			sourceTree = "<group>";
		};
		F27A9AD8207E377700E6253A /* LaunchScreen.storyboard */ = {
			isa = PBXVariantGroup;
			children = (
				F27A9AD9207E377700E6253A /* Base */,
			);
			name = LaunchScreen.storyboard;
			sourceTree = "<group>";
		};
/* End PBXVariantGroup section */

/* Begin XCBuildConfiguration section */
		F27A9ADE207E377700E6253A /* Debug */ = {
			isa = XCBuildConfiguration;
			buildSettings = {
				ALWAYS_SEARCH_USER_PATHS = NO;
				CLANG_ANALYZER_NONNULL = YES;
				CLANG_ANALYZER_NUMBER_OBJECT_CONVERSION = YES_AGGRESSIVE;
				CLANG_CXX_LANGUAGE_STANDARD = "gnu++14";
				CLANG_CXX_LIBRARY = "libc++";
				CLANG_ENABLE_MODULES = YES;
				CLANG_ENABLE_OBJC_ARC = YES;
				CLANG_ENABLE_OBJC_WEAK = YES;
				CLANG_WARN_BLOCK_CAPTURE_AUTORELEASING = YES;
				CLANG_WARN_BOOL_CONVERSION = YES;
				CLANG_WARN_COMMA = YES;
				CLANG_WARN_CONSTANT_CONVERSION = YES;
				CLANG_WARN_DEPRECATED_OBJC_IMPLEMENTATIONS = YES;
				CLANG_WARN_DIRECT_OBJC_ISA_USAGE = YES_ERROR;
				CLANG_WARN_DOCUMENTATION_COMMENTS = YES;
				CLANG_WARN_EMPTY_BODY = YES;
				CLANG_WARN_ENUM_CONVERSION = YES;
				CLANG_WARN_INFINITE_RECURSION = YES;
				CLANG_WARN_INT_CONVERSION = YES;
				CLANG_WARN_NON_LITERAL_NULL_CONVERSION = YES;
				CLANG_WARN_OBJC_IMPLICIT_RETAIN_SELF = YES;
				CLANG_WARN_OBJC_LITERAL_CONVERSION = YES;
				CLANG_WARN_OBJC_ROOT_CLASS = YES_ERROR;
				CLANG_WARN_RANGE_LOOP_ANALYSIS = YES;
				CLANG_WARN_STRICT_PROTOTYPES = YES;
				CLANG_WARN_SUSPICIOUS_MOVE = YES;
				CLANG_WARN_UNGUARDED_AVAILABILITY = YES_AGGRESSIVE;
				CLANG_WARN_UNREACHABLE_CODE = YES;
				CLANG_WARN__DUPLICATE_METHOD_MATCH = YES;
				CODE_SIGN_IDENTITY = "iPhone Developer";
				COPY_PHASE_STRIP = NO;
				DEBUG_INFORMATION_FORMAT = dwarf;
				ENABLE_STRICT_OBJC_MSGSEND = YES;
				ENABLE_TESTABILITY = YES;
				GCC_C_LANGUAGE_STANDARD = gnu11;
				GCC_DYNAMIC_NO_PIC = NO;
				GCC_NO_COMMON_BLOCKS = YES;
				GCC_OPTIMIZATION_LEVEL = 0;
				GCC_PREPROCESSOR_DEFINITIONS = (
					"DEBUG=1",
					"$(inherited)",
				);
				GCC_WARN_64_TO_32_BIT_CONVERSION = YES;
				GCC_WARN_ABOUT_RETURN_TYPE = YES_ERROR;
				GCC_WARN_UNDECLARED_SELECTOR = YES;
				GCC_WARN_UNINITIALIZED_AUTOS = YES_AGGRESSIVE;
				GCC_WARN_UNUSED_FUNCTION = YES;
				GCC_WARN_UNUSED_VARIABLE = YES;
				IPHONEOS_DEPLOYMENT_TARGET = 11.3;
				MTL_ENABLE_DEBUG_INFO = YES;
				ONLY_ACTIVE_ARCH = YES;
				SDKROOT = iphoneos;
			};
			name = Debug;
		};
		F27A9ADF207E377700E6253A /* Release */ = {
			isa = XCBuildConfiguration;
			buildSettings = {
				ALWAYS_SEARCH_USER_PATHS = NO;
				CLANG_ANALYZER_NONNULL = YES;
				CLANG_ANALYZER_NUMBER_OBJECT_CONVERSION = YES_AGGRESSIVE;
				CLANG_CXX_LANGUAGE_STANDARD = "gnu++14";
				CLANG_CXX_LIBRARY = "libc++";
				CLANG_ENABLE_MODULES = YES;
				CLANG_ENABLE_OBJC_ARC = YES;
				CLANG_ENABLE_OBJC_WEAK = YES;
				CLANG_WARN_BLOCK_CAPTURE_AUTORELEASING = YES;
				CLANG_WARN_BOOL_CONVERSION = YES;
				CLANG_WARN_COMMA = YES;
				CLANG_WARN_CONSTANT_CONVERSION = YES;
				CLANG_WARN_DEPRECATED_OBJC_IMPLEMENTATIONS = YES;
				CLANG_WARN_DIRECT_OBJC_ISA_USAGE = YES_ERROR;
				CLANG_WARN_DOCUMENTATION_COMMENTS = YES;
				CLANG_WARN_EMPTY_BODY = YES;
				CLANG_WARN_ENUM_CONVERSION = YES;
				CLANG_WARN_INFINITE_RECURSION = YES;
				CLANG_WARN_INT_CONVERSION = YES;
				CLANG_WARN_NON_LITERAL_NULL_CONVERSION = YES;
				CLANG_WARN_OBJC_IMPLICIT_RETAIN_SELF = YES;
				CLANG_WARN_OBJC_LITERAL_CONVERSION = YES;
				CLANG_WARN_OBJC_ROOT_CLASS = YES_ERROR;
				CLANG_WARN_RANGE_LOOP_ANALYSIS = YES;
				CLANG_WARN_STRICT_PROTOTYPES = YES;
				CLANG_WARN_SUSPICIOUS_MOVE = YES;
				CLANG_WARN_UNGUARDED_AVAILABILITY = YES_AGGRESSIVE;
				CLANG_WARN_UNREACHABLE_CODE = YES;
				CLANG_WARN__DUPLICATE_METHOD_MATCH = YES;
				CODE_SIGN_IDENTITY = "iPhone Developer";
				COPY_PHASE_STRIP = NO;
				DEBUG_INFORMATION_FORMAT = "dwarf-with-dsym";
				ENABLE_NS_ASSERTIONS = NO;
				ENABLE_STRICT_OBJC_MSGSEND = YES;
				GCC_C_LANGUAGE_STANDARD = gnu11;
				GCC_NO_COMMON_BLOCKS = YES;
				GCC_WARN_64_TO_32_BIT_CONVERSION = YES;
				GCC_WARN_ABOUT_RETURN_TYPE = YES_ERROR;
				GCC_WARN_UNDECLARED_SELECTOR = YES;
				GCC_WARN_UNINITIALIZED_AUTOS = YES_AGGRESSIVE;
				GCC_WARN_UNUSED_FUNCTION = YES;
				GCC_WARN_UNUSED_VARIABLE = YES;
				IPHONEOS_DEPLOYMENT_TARGET = 11.3;
				MTL_ENABLE_DEBUG_INFO = NO;
				SDKROOT = iphoneos;
				VALIDATE_PRODUCT = YES;
			};
			name = Release;
		};
		F27A9AE1207E377700E6253A /* Debug */ = {
			isa = XCBuildConfiguration;
			buildSettings = {
				ASSETCATALOG_COMPILER_APPICON_NAME = AppIcon;
				CODE_SIGN_STYLE = Automatic;
				INFOPLIST_FILE = LazyTableImages/Info.plist;
				LD_RUNPATH_SEARCH_PATHS = (
					"$(inherited)",
					"@executable_path/Frameworks",
				);
				PRODUCT_BUNDLE_IDENTIFIER = "-.LazyTableImages";
				PRODUCT_NAME = "$(TARGET_NAME)";
				TARGETED_DEVICE_FAMILY = "1,2";
			};
			name = Debug;
		};
		F27A9AE2207E377700E6253A /* Release */ = {
			isa = XCBuildConfiguration;
			buildSettings = {
				ASSETCATALOG_COMPILER_APPICON_NAME = AppIcon;
				CODE_SIGN_STYLE = Automatic;
				INFOPLIST_FILE = LazyTableImages/Info.plist;
				LD_RUNPATH_SEARCH_PATHS = (
					"$(inherited)",
					"@executable_path/Frameworks",
				);
				PRODUCT_BUNDLE_IDENTIFIER = "-.LazyTableImages";
				PRODUCT_NAME = "$(TARGET_NAME)";
				TARGETED_DEVICE_FAMILY = "1,2";
			};
			name = Release;
		};
/* End XCBuildConfiguration section */

/* Begin XCConfigurationList section */
		F27A9AC5207E377600E6253A /* Build configuration list for PBXProject "LazyTableImages" */ = {
			isa = XCConfigurationList;
			buildConfigurations = (
				F27A9ADE207E377700E6253A /* Debug */,
				F27A9ADF207E377700E6253A /* Release */,
			);
			defaultConfigurationIsVisible = 0;
			defaultConfigurationName = Release;
		};
		F27A9AE0207E377700E6253A /* Build configuration list for PBXNativeTarget "LazyTableImages" */ = {
			isa = XCConfigurationList;
			buildConfigurations = (
				F27A9AE1207E377700E6253A /* Debug */,
				F27A9AE2207E377700E6253A /* Release */,
			);
			defaultConfigurationIsVisible = 0;
			defaultConfigurationName = Release;
		};
/* End XCConfigurationList section */
	};
	rootObject = F27A9AC2207E377600E6253A /* Project object */;
}
